
Microsoft Visual Studio Solution File, Format Version 11.00
# Visual Studio 2010
Project("{FAE04EC0-301F-11D3-BF4B-00C04F79EFBC}") = "Game", "Game\Game.csproj", "{C8689240-7629-4928-AA7D-A30CE3AF8225}"
EndProject
Project("{FAE04EC0-301F-11D3-BF4B-00C04F79EFBC}") = "GameTest", "GameTest\GameTest.csproj", "{4463EC63-0EDF-430F-AF01-E24FFEDADCC1}"
EndProject
Project("{2150E333-8FDC-42A3-9474-1A3956D46DE8}") = "Solution Items", "Solution Items", "{88170529-1067-4B6B-A959-02A768F3AAB7}"
	ProjectSection(SolutionItems) = preProject
		Local.testsettings = Local.testsettings
		game.vsmdi = game.vsmdi
		TraceAndTestImpact.testsettings = TraceAndTestImpact.testsettings
	EndProjectSection
EndProject
Global
	GlobalSection(TestCaseManagementSettings) = postSolution
		CategoryFile = game.vsmdi
	EndGlobalSection
	GlobalSection(SolutionConfigurationPlatforms) = preSolution
		Debug|Any CPU = Debug|Any CPU
		Release|Any CPU = Release|Any CPU
	EndGlobalSection
	GlobalSection(ProjectConfigurationPlatforms) = postSolution
		{C8689240-7629-4928-AA7D-A30CE3AF8225}.Debug|Any CPU.ActiveCfg = Debug|Any CPU
		{C8689240-7629-4928-AA7D-A30CE3AF8225}.Debug|Any CPU.Build.0 = Debug|Any CPU
		{C8689240-7629-4928-AA7D-A30CE3AF8225}.Release|Any CPU.ActiveCfg = Release|Any CPU
		{C8689240-7629-4928-AA7D-A30CE3AF8225}.Release|Any CPU.Build.0 = Release|Any CPU
		{4463EC63-0EDF-430F-AF01-E24FFEDADCC1}.Debug|Any CPU.ActiveCfg = Debug|Any CPU
		{4463EC63-0EDF-430F-AF01-E24FFEDADCC1}.Debug|Any CPU.Build.0 = Debug|Any CPU
		{4463EC63-0EDF-430F-AF01-E24FFEDADCC1}.Release|Any CPU.ActiveCfg = Release|Any CPU
		{4463EC63-0EDF-430F-AF01-E24FFEDADCC1}.Release|Any CPU.Build.0 = Release|Any CPU
	EndGlobalSection
	GlobalSection(SolutionProperties) = preSolution
		HideSolutionNode = FALSE
	EndGlobalSection
EndGlobal
